
Microsoft Visual Studio Solution File, Format Version 12.00
# Visual Studio Version 17
VisualStudioVersion = 17.10.35013.160
MinimumVisualStudioVersion = 10.0.40219.1
Project("{FAE04EC0-301F-11D3-BF4B-00C04F79EFBC}") = "StateDPDemo", "StateDPDemo.csproj", "{EEB5D076-1C92-4A51-BC92-F3D4B5B67D9D}"
EndProject
Global
	GlobalSection(SolutionConfigurationPlatforms) = preSolution
		Debug|Any CPU = Debug|Any CPU
		Release|Any CPU = Release|Any CPU
	EndGlobalSection
	GlobalSection(ProjectConfigurationPlatforms) = postSolution
		{EEB5D076-1C92-4A51-BC92-F3D4B5B67D9D}.Debug|Any CPU.ActiveCfg = Debug|Any CPU
		{EEB5D076-1C92-4A51-BC92-F3D4B5B67D9D}.Debug|Any CPU.Build.0 = Debug|Any CPU
		{EEB5D076-1C92-4A51-BC92-F3D4B5B67D9D}.Release|Any CPU.ActiveCfg = Release|Any CPU
		{EEB5D076-1C92-4A51-BC92-F3D4B5B67D9D}.Release|Any CPU.Build.0 = Release|Any CPU
	EndGlobalSection
	GlobalSection(SolutionProperties) = preSolution
		HideSolutionNode = FALSE
	EndGlobalSection
	GlobalSection(ExtensibilityGlobals) = postSolution
		SolutionGuid = {0BE09439-0705-4424-ADF6-1D22EC15401C}
	EndGlobalSection
EndGlobal
